// !$*UTF8*$!
{
	archiveVersion = 1;
	classes = {
	};
	objectVersion = 70;
	objects = {

/* Begin PBXBuildFile section */
		7E074F9A2C9B167F00471C33 /* HomeViewModel.swift in Sources */ = {isa = PBXBuildFile; fileRef = 7E074F992C9B167F00471C33 /* HomeViewModel.swift */; };
		7E1AD6C72C927F9C00BBB2D9 /* AppDelegate.swift in Sources */ = {isa = PBXBuildFile; fileRef = 7E1AD6C62C927F9C00BBB2D9 /* AppDelegate.swift */; };
		7E1AD6C92C927F9C00BBB2D9 /* SceneDelegate.swift in Sources */ = {isa = PBXBuildFile; fileRef = 7E1AD6C82C927F9C00BBB2D9 /* SceneDelegate.swift */; };
		7E1AD6CB2C927F9C00BBB2D9 /* HomeVC.swift in Sources */ = {isa = PBXBuildFile; fileRef = 7E1AD6CA2C927F9C00BBB2D9 /* HomeVC.swift */; };
		7E1AD6D02C927F9F00BBB2D9 /* Assets.xcassets in Resources */ = {isa = PBXBuildFile; fileRef = 7E1AD6CF2C927F9F00BBB2D9 /* Assets.xcassets */; };
		7E1AD6D32C927F9F00BBB2D9 /* Base in Resources */ = {isa = PBXBuildFile; fileRef = 7E1AD6D22C927F9F00BBB2D9 /* Base */; };
		7E1AD6DF2C9282CC00BBB2D9 /* HomeView.swift in Sources */ = {isa = PBXBuildFile; fileRef = 7E1AD6DE2C9282CC00BBB2D9 /* HomeView.swift */; };
		7E1AD6E22C92846800BBB2D9 /* UIView + Extension.swift in Sources */ = {isa = PBXBuildFile; fileRef = 7E1AD6E12C92846800BBB2D9 /* UIView + Extension.swift */; };
		7E1AD6E42C9286D100BBB2D9 /* UIColor + Extension.swift in Sources */ = {isa = PBXBuildFile; fileRef = 7E1AD6E32C9286D100BBB2D9 /* UIColor + Extension.swift */; };
		7E1AD6EC2C9474A800BBB2D9 /* CardCharacterCollectionViewCell.swift in Sources */ = {isa = PBXBuildFile; fileRef = 7E1AD6EB2C9474A800BBB2D9 /* CardCharacterCollectionViewCell.swift */; };
		7E1AD6EE2C9474D300BBB2D9 /* CardCharacterCellView.swift in Sources */ = {isa = PBXBuildFile; fileRef = 7E1AD6ED2C9474D300BBB2D9 /* CardCharacterCellView.swift */; };
		7E1AD6F02C9474E900BBB2D9 /* CardCharacterCellViewModel.swift in Sources */ = {isa = PBXBuildFile; fileRef = 7E1AD6EF2C9474E900BBB2D9 /* CardCharacterCellViewModel.swift */; };
/* End PBXBuildFile section */

/* Begin PBXFileReference section */
		7E074F992C9B167F00471C33 /* HomeViewModel.swift */ = {isa = PBXFileReference; lastKnownFileType = sourcecode.swift; path = HomeViewModel.swift; sourceTree = "<group>"; };
		7E1AD6C32C927F9C00BBB2D9 /* touchBear.app */ = {isa = PBXFileReference; explicitFileType = wrapper.application; includeInIndex = 0; path = touchBear.app; sourceTree = BUILT_PRODUCTS_DIR; };
		7E1AD6C62C927F9C00BBB2D9 /* AppDelegate.swift */ = {isa = PBXFileReference; lastKnownFileType = sourcecode.swift; path = AppDelegate.swift; sourceTree = "<group>"; };
		7E1AD6C82C927F9C00BBB2D9 /* SceneDelegate.swift */ = {isa = PBXFileReference; lastKnownFileType = sourcecode.swift; path = SceneDelegate.swift; sourceTree = "<group>"; };
		7E1AD6CA2C927F9C00BBB2D9 /* HomeVC.swift */ = {isa = PBXFileReference; lastKnownFileType = sourcecode.swift; path = HomeVC.swift; sourceTree = "<group>"; };
		7E1AD6CF2C927F9F00BBB2D9 /* Assets.xcassets */ = {isa = PBXFileReference; lastKnownFileType = folder.assetcatalog; path = Assets.xcassets; sourceTree = "<group>"; };
		7E1AD6D22C927F9F00BBB2D9 /* Base */ = {isa = PBXFileReference; lastKnownFileType = file.storyboard; name = Base; path = Base.lproj/LaunchScreen.storyboard; sourceTree = "<group>"; };
		7E1AD6D42C927F9F00BBB2D9 /* Info.plist */ = {isa = PBXFileReference; lastKnownFileType = text.plist.xml; path = Info.plist; sourceTree = "<group>"; };
		7E1AD6DE2C9282CC00BBB2D9 /* HomeView.swift */ = {isa = PBXFileReference; lastKnownFileType = sourcecode.swift; path = HomeView.swift; sourceTree = "<group>"; };
		7E1AD6E12C92846800BBB2D9 /* UIView + Extension.swift */ = {isa = PBXFileReference; lastKnownFileType = sourcecode.swift; path = "UIView + Extension.swift"; sourceTree = "<group>"; };
		7E1AD6E32C9286D100BBB2D9 /* UIColor + Extension.swift */ = {isa = PBXFileReference; lastKnownFileType = sourcecode.swift; path = "UIColor + Extension.swift"; sourceTree = "<group>"; };
		7E1AD6EB2C9474A800BBB2D9 /* CardCharacterCollectionViewCell.swift */ = {isa = PBXFileReference; lastKnownFileType = sourcecode.swift; path = CardCharacterCollectionViewCell.swift; sourceTree = "<group>"; };
		7E1AD6ED2C9474D300BBB2D9 /* CardCharacterCellView.swift */ = {isa = PBXFileReference; lastKnownFileType = sourcecode.swift; path = CardCharacterCellView.swift; sourceTree = "<group>"; };
		7E1AD6EF2C9474E900BBB2D9 /* CardCharacterCellViewModel.swift */ = {isa = PBXFileReference; lastKnownFileType = sourcecode.swift; path = CardCharacterCellViewModel.swift; sourceTree = "<group>"; };
/* End PBXFileReference section */

/* Begin PBXFileSystemSynchronizedRootGroup section */
		7E074F902C9B14B600471C33 /* Cell's */ = {isa = PBXFileSystemSynchronizedRootGroup; explicitFileTypes = {}; explicitFolders = (); path = "Cell's"; sourceTree = "<group>"; };
		7E9313BB2CA2F2FD00619AD4 /* Model */ = {isa = PBXFileSystemSynchronizedRootGroup; explicitFileTypes = {}; explicitFolders = (); path = Model; sourceTree = "<group>"; };
/* End PBXFileSystemSynchronizedRootGroup section */

/* Begin PBXFrameworksBuildPhase section */
		7E1AD6C02C927F9C00BBB2D9 /* Frameworks */ = {
			isa = PBXFrameworksBuildPhase;
			buildActionMask = 2147483647;
			files = (
			);
			runOnlyForDeploymentPostprocessing = 0;
		};
/* End PBXFrameworksBuildPhase section */

/* Begin PBXGroup section */
		7E1AD6BA2C927F9C00BBB2D9 = {
			isa = PBXGroup;
			children = (
				7E1AD6C52C927F9C00BBB2D9 /* touchBear */,
				7E1AD6C42C927F9C00BBB2D9 /* Products */,
			);
			sourceTree = "<group>";
		};
		7E1AD6C42C927F9C00BBB2D9 /* Products */ = {
			isa = PBXGroup;
			children = (
				7E1AD6C32C927F9C00BBB2D9 /* touchBear.app */,
			);
			name = Products;
			sourceTree = "<group>";
		};
		7E1AD6C52C927F9C00BBB2D9 /* touchBear */ = {
			isa = PBXGroup;
			children = (
				7E9313BB2CA2F2FD00619AD4 /* Model */,
				7E1AD6E02C9282FB00BBB2D9 /* Extension's */,
				7E074F902C9B14B600471C33 /* Cell's */,
				7E1AD6E62C94741A00BBB2D9 /* Card's */,
				7E1AD6DA2C92800200BBB2D9 /* HomeVC */,
				7E1AD6C62C927F9C00BBB2D9 /* AppDelegate.swift */,
				7E1AD6C82C927F9C00BBB2D9 /* SceneDelegate.swift */,
				7E1AD6CF2C927F9F00BBB2D9 /* Assets.xcassets */,
				7E1AD6D12C927F9F00BBB2D9 /* LaunchScreen.storyboard */,
				7E1AD6D42C927F9F00BBB2D9 /* Info.plist */,
			);
			path = touchBear;
			sourceTree = "<group>";
		};
		7E1AD6DA2C92800200BBB2D9 /* HomeVC */ = {
			isa = PBXGroup;
			children = (
				7E1AD6DD2C9280C100BBB2D9 /* Model */,
				7E1AD6DC2C9280B900BBB2D9 /* View */,
				7E1AD6DB2C9280AA00BBB2D9 /* ViewModel */,
			);
			path = HomeVC;
			sourceTree = "<group>";
		};
		7E1AD6DB2C9280AA00BBB2D9 /* ViewModel */ = {
			isa = PBXGroup;
			children = (
				7E074F992C9B167F00471C33 /* HomeViewModel.swift */,
			);
			path = ViewModel;
			sourceTree = "<group>";
		};
		7E1AD6DC2C9280B900BBB2D9 /* View */ = {
			isa = PBXGroup;
			children = (
				7E1AD6DE2C9282CC00BBB2D9 /* HomeView.swift */,
			);
			path = View;
			sourceTree = "<group>";
		};
		7E1AD6DD2C9280C100BBB2D9 /* Model */ = {
			isa = PBXGroup;
			children = (
				7E1AD6CA2C927F9C00BBB2D9 /* HomeVC.swift */,
			);
			path = Model;
			sourceTree = "<group>";
		};
		7E1AD6E02C9282FB00BBB2D9 /* Extension's */ = {
			isa = PBXGroup;
			children = (
				7E1AD6E12C92846800BBB2D9 /* UIView + Extension.swift */,
				7E1AD6E32C9286D100BBB2D9 /* UIColor + Extension.swift */,
			);
			path = "Extension's";
			sourceTree = "<group>";
		};
		7E1AD6E62C94741A00BBB2D9 /* Card's */ = {
			isa = PBXGroup;
			children = (
				7E1AD6E72C94742D00BBB2D9 /* cardCharacterCell */,
			);
			path = "Card's";
			sourceTree = "<group>";
		};
		7E1AD6E72C94742D00BBB2D9 /* cardCharacterCell */ = {
			isa = PBXGroup;
			children = (
				7E1AD6EA2C94746E00BBB2D9 /* Model */,
				7E1AD6E92C94746A00BBB2D9 /* View */,
				7E1AD6E82C94746000BBB2D9 /* ViewModel */,
			);
			path = cardCharacterCell;
			sourceTree = "<group>";
		};
		7E1AD6E82C94746000BBB2D9 /* ViewModel */ = {
			isa = PBXGroup;
			children = (
				7E1AD6EF2C9474E900BBB2D9 /* CardCharacterCellViewModel.swift */,
			);
			path = ViewModel;
			sourceTree = "<group>";
		};
		7E1AD6E92C94746A00BBB2D9 /* View */ = {
			isa = PBXGroup;
			children = (
				7E1AD6ED2C9474D300BBB2D9 /* CardCharacterCellView.swift */,
			);
			path = View;
			sourceTree = "<group>";
		};
		7E1AD6EA2C94746E00BBB2D9 /* Model */ = {
			isa = PBXGroup;
			children = (
				7E1AD6EB2C9474A800BBB2D9 /* CardCharacterCollectionViewCell.swift */,
			);
			path = Model;
			sourceTree = "<group>";
		};
/* End PBXGroup section */

/* Begin PBXNativeTarget section */
		7E1AD6C22C927F9C00BBB2D9 /* touchBear */ = {
			isa = PBXNativeTarget;
			buildConfigurationList = 7E1AD6D72C927F9F00BBB2D9 /* Build configuration list for PBXNativeTarget "touchBear" */;
			buildPhases = (
				7E1AD6BF2C927F9C00BBB2D9 /* Sources */,
				7E1AD6C02C927F9C00BBB2D9 /* Frameworks */,
				7E1AD6C12C927F9C00BBB2D9 /* Resources */,
			);
			buildRules = (
			);
			dependencies = (
			);
			fileSystemSynchronizedGroups = (
				7E074F902C9B14B600471C33 /* Cell's */,
				7E9313BB2CA2F2FD00619AD4 /* Model */,
			);
			name = touchBear;
			productName = touchBear;
			productReference = 7E1AD6C32C927F9C00BBB2D9 /* touchBear.app */;
			productType = "com.apple.product-type.application";
		};
/* End PBXNativeTarget section */

/* Begin PBXProject section */
		7E1AD6BB2C927F9C00BBB2D9 /* Project object */ = {
			isa = PBXProject;
			attributes = {
				BuildIndependentTargetsInParallel = 1;
				LastSwiftUpdateCheck = 1540;
				LastUpgradeCheck = 1540;
				TargetAttributes = {
					7E1AD6C22C927F9C00BBB2D9 = {
						CreatedOnToolsVersion = 15.4;
					};
				};
			};
			buildConfigurationList = 7E1AD6BE2C927F9C00BBB2D9 /* Build configuration list for PBXProject "touchBear" */;
			compatibilityVersion = "Xcode 14.0";
			developmentRegion = en;
			hasScannedForEncodings = 0;
			knownRegions = (
				en,
				Base,
			);
			mainGroup = 7E1AD6BA2C927F9C00BBB2D9;
			productRefGroup = 7E1AD6C42C927F9C00BBB2D9 /* Products */;
			projectDirPath = "";
			projectRoot = "";
			targets = (
				7E1AD6C22C927F9C00BBB2D9 /* touchBear */,
			);
		};
/* End PBXProject section */

/* Begin PBXResourcesBuildPhase section */
		7E1AD6C12C927F9C00BBB2D9 /* Resources */ = {
			isa = PBXResourcesBuildPhase;
			buildActionMask = 2147483647;
			files = (
				7E1AD6D02C927F9F00BBB2D9 /* Assets.xcassets in Resources */,
				7E1AD6D32C927F9F00BBB2D9 /* Base in Resources */,
			);
			runOnlyForDeploymentPostprocessing = 0;
		};
/* End PBXResourcesBuildPhase section */

/* Begin PBXSourcesBuildPhase section */
		7E1AD6BF2C927F9C00BBB2D9 /* Sources */ = {
			isa = PBXSourcesBuildPhase;
			buildActionMask = 2147483647;
			files = (
				7E1AD6EE2C9474D300BBB2D9 /* CardCharacterCellView.swift in Sources */,
				7E1AD6CB2C927F9C00BBB2D9 /* HomeVC.swift in Sources */,
				7E1AD6DF2C9282CC00BBB2D9 /* HomeView.swift in Sources */,
				7E1AD6C72C927F9C00BBB2D9 /* AppDelegate.swift in Sources */,
				7E1AD6E42C9286D100BBB2D9 /* UIColor + Extension.swift in Sources */,
				7E074F9A2C9B167F00471C33 /* HomeViewModel.swift in Sources */,
				7E1AD6EC2C9474A800BBB2D9 /* CardCharacterCollectionViewCell.swift in Sources */,
				7E1AD6E22C92846800BBB2D9 /* UIView + Extension.swift in Sources */,
				7E1AD6F02C9474E900BBB2D9 /* CardCharacterCellViewModel.swift in Sources */,
				7E1AD6C92C927F9C00BBB2D9 /* SceneDelegate.swift in Sources */,
			);
			runOnlyForDeploymentPostprocessing = 0;
		};
/* End PBXSourcesBuildPhase section */

/* Begin PBXVariantGroup section */
		7E1AD6D12C927F9F00BBB2D9 /* LaunchScreen.storyboard */ = {
			isa = PBXVariantGroup;
			children = (
				7E1AD6D22C927F9F00BBB2D9 /* Base */,
			);
			name = LaunchScreen.storyboard;
			sourceTree = "<group>";
		};
/* End PBXVariantGroup section */

/* Begin XCBuildConfiguration section */
		7E1AD6D52C927F9F00BBB2D9 /* Debug */ = {
			isa = XCBuildConfiguration;
			buildSettings = {
				ALWAYS_SEARCH_USER_PATHS = NO;
				ASSETCATALOG_COMPILER_GENERATE_SWIFT_ASSET_SYMBOL_EXTENSIONS = YES;
				CLANG_ANALYZER_NONNULL = YES;
				CLANG_ANALYZER_NUMBER_OBJECT_CONVERSION = YES_AGGRESSIVE;
				CLANG_CXX_LANGUAGE_STANDARD = "gnu++20";
				CLANG_ENABLE_MODULES = YES;
				CLANG_ENABLE_OBJC_ARC = YES;
				CLANG_ENABLE_OBJC_WEAK = YES;
				CLANG_WARN_BLOCK_CAPTURE_AUTORELEASING = YES;
				CLANG_WARN_BOOL_CONVERSION = YES;
				CLANG_WARN_COMMA = YES;
				CLANG_WARN_CONSTANT_CONVERSION = YES;
				CLANG_WARN_DEPRECATED_OBJC_IMPLEMENTATIONS = YES;
				CLANG_WARN_DIRECT_OBJC_ISA_USAGE = YES_ERROR;
				CLANG_WARN_DOCUMENTATION_COMMENTS = YES;
				CLANG_WARN_EMPTY_BODY = YES;
				CLANG_WARN_ENUM_CONVERSION = YES;
				CLANG_WARN_INFINITE_RECURSION = YES;
				CLANG_WARN_INT_CONVERSION = YES;
				CLANG_WARN_NON_LITERAL_NULL_CONVERSION = YES;
				CLANG_WARN_OBJC_IMPLICIT_RETAIN_SELF = YES;
				CLANG_WARN_OBJC_LITERAL_CONVERSION = YES;
				CLANG_WARN_OBJC_ROOT_CLASS = YES_ERROR;
				CLANG_WARN_QUOTED_INCLUDE_IN_FRAMEWORK_HEADER = YES;
				CLANG_WARN_RANGE_LOOP_ANALYSIS = YES;
				CLANG_WARN_STRICT_PROTOTYPES = YES;
				CLANG_WARN_SUSPICIOUS_MOVE = YES;
				CLANG_WARN_UNGUARDED_AVAILABILITY = YES_AGGRESSIVE;
				CLANG_WARN_UNREACHABLE_CODE = YES;
				CLANG_WARN__DUPLICATE_METHOD_MATCH = YES;
				COPY_PHASE_STRIP = NO;
				DEBUG_INFORMATION_FORMAT = dwarf;
				ENABLE_STRICT_OBJC_MSGSEND = YES;
				ENABLE_TESTABILITY = YES;
				ENABLE_USER_SCRIPT_SANDBOXING = YES;
				GCC_C_LANGUAGE_STANDARD = gnu17;
				GCC_DYNAMIC_NO_PIC = NO;
				GCC_NO_COMMON_BLOCKS = YES;
				GCC_OPTIMIZATION_LEVEL = 0;
				GCC_PREPROCESSOR_DEFINITIONS = (
					"DEBUG=1",
					"$(inherited)",
				);
				GCC_WARN_64_TO_32_BIT_CONVERSION = YES;
				GCC_WARN_ABOUT_RETURN_TYPE = YES_ERROR;
				GCC_WARN_UNDECLARED_SELECTOR = YES;
				GCC_WARN_UNINITIALIZED_AUTOS = YES_AGGRESSIVE;
				GCC_WARN_UNUSED_FUNCTION = YES;
				GCC_WARN_UNUSED_VARIABLE = YES;
				IPHONEOS_DEPLOYMENT_TARGET = 17.5;
				LOCALIZATION_PREFERS_STRING_CATALOGS = YES;
				MTL_ENABLE_DEBUG_INFO = INCLUDE_SOURCE;
				MTL_FAST_MATH = YES;
				ONLY_ACTIVE_ARCH = YES;
				SDKROOT = iphoneos;
				SWIFT_ACTIVE_COMPILATION_CONDITIONS = "DEBUG $(inherited)";
				SWIFT_OPTIMIZATION_LEVEL = "-Onone";
			};
			name = Debug;
		};
		7E1AD6D62C927F9F00BBB2D9 /* Release */ = {
			isa = XCBuildConfiguration;
			buildSettings = {
				ALWAYS_SEARCH_USER_PATHS = NO;
				ASSETCATALOG_COMPILER_GENERATE_SWIFT_ASSET_SYMBOL_EXTENSIONS = YES;
				CLANG_ANALYZER_NONNULL = YES;
				CLANG_ANALYZER_NUMBER_OBJECT_CONVERSION = YES_AGGRESSIVE;
				CLANG_CXX_LANGUAGE_STANDARD = "gnu++20";
				CLANG_ENABLE_MODULES = YES;
				CLANG_ENABLE_OBJC_ARC = YES;
				CLANG_ENABLE_OBJC_WEAK = YES;
				CLANG_WARN_BLOCK_CAPTURE_AUTORELEASING = YES;
				CLANG_WARN_BOOL_CONVERSION = YES;
				CLANG_WARN_COMMA = YES;
				CLANG_WARN_CONSTANT_CONVERSION = YES;
				CLANG_WARN_DEPRECATED_OBJC_IMPLEMENTATIONS = YES;
				CLANG_WARN_DIRECT_OBJC_ISA_USAGE = YES_ERROR;
				CLANG_WARN_DOCUMENTATION_COMMENTS = YES;
				CLANG_WARN_EMPTY_BODY = YES;
				CLANG_WARN_ENUM_CONVERSION = YES;
				CLANG_WARN_INFINITE_RECURSION = YES;
				CLANG_WARN_INT_CONVERSION = YES;
				CLANG_WARN_NON_LITERAL_NULL_CONVERSION = YES;
				CLANG_WARN_OBJC_IMPLICIT_RETAIN_SELF = YES;
				CLANG_WARN_OBJC_LITERAL_CONVERSION = YES;
				CLANG_WARN_OBJC_ROOT_CLASS = YES_ERROR;
				CLANG_WARN_QUOTED_INCLUDE_IN_FRAMEWORK_HEADER = YES;
				CLANG_WARN_RANGE_LOOP_ANALYSIS = YES;
				CLANG_WARN_STRICT_PROTOTYPES = YES;
				CLANG_WARN_SUSPICIOUS_MOVE = YES;
				CLANG_WARN_UNGUARDED_AVAILABILITY = YES_AGGRESSIVE;
				CLANG_WARN_UNREACHABLE_CODE = YES;
				CLANG_WARN__DUPLICATE_METHOD_MATCH = YES;
				COPY_PHASE_STRIP = NO;
				DEBUG_INFORMATION_FORMAT = "dwarf-with-dsym";
				ENABLE_NS_ASSERTIONS = NO;
				ENABLE_STRICT_OBJC_MSGSEND = YES;
				ENABLE_USER_SCRIPT_SANDBOXING = YES;
				GCC_C_LANGUAGE_STANDARD = gnu17;
				GCC_NO_COMMON_BLOCKS = YES;
				GCC_WARN_64_TO_32_BIT_CONVERSION = YES;
				GCC_WARN_ABOUT_RETURN_TYPE = YES_ERROR;
				GCC_WARN_UNDECLARED_SELECTOR = YES;
				GCC_WARN_UNINITIALIZED_AUTOS = YES_AGGRESSIVE;
				GCC_WARN_UNUSED_FUNCTION = YES;
				GCC_WARN_UNUSED_VARIABLE = YES;
				IPHONEOS_DEPLOYMENT_TARGET = 17.5;
				LOCALIZATION_PREFERS_STRING_CATALOGS = YES;
				MTL_ENABLE_DEBUG_INFO = NO;
				MTL_FAST_MATH = YES;
				SDKROOT = iphoneos;
				SWIFT_COMPILATION_MODE = wholemodule;
				VALIDATE_PRODUCT = YES;
			};
			name = Release;
		};
		7E1AD6D82C927F9F00BBB2D9 /* Debug */ = {
			isa = XCBuildConfiguration;
			buildSettings = {
				ASSETCATALOG_COMPILER_APPICON_NAME = AppIcon;
				ASSETCATALOG_COMPILER_GLOBAL_ACCENT_COLOR_NAME = AccentColor;
				CODE_SIGN_STYLE = Automatic;
				CURRENT_PROJECT_VERSION = 1;
				DEVELOPMENT_TEAM = 6G36PN356L;
				GENERATE_INFOPLIST_FILE = YES;
				INFOPLIST_FILE = touchBear/Info.plist;
				INFOPLIST_KEY_UIApplicationSupportsIndirectInputEvents = YES;
				INFOPLIST_KEY_UILaunchStoryboardName = LaunchScreen;
				INFOPLIST_KEY_UISupportedInterfaceOrientations_iPad = "UIInterfaceOrientationPortrait UIInterfaceOrientationPortraitUpsideDown UIInterfaceOrientationLandscapeLeft UIInterfaceOrientationLandscapeRight";
				INFOPLIST_KEY_UISupportedInterfaceOrientations_iPhone = "UIInterfaceOrientationPortrait UIInterfaceOrientationLandscapeLeft UIInterfaceOrientationLandscapeRight";
				IPHONEOS_DEPLOYMENT_TARGET = 18.0;
				LD_RUNPATH_SEARCH_PATHS = (
					"$(inherited)",
					"@executable_path/Frameworks",
				);
				MARKETING_VERSION = 1.0;
				PRODUCT_BUNDLE_IDENTIFIER = ismaelRkz.touchBear;
				PRODUCT_NAME = "$(TARGET_NAME)";
				SUPPORTED_PLATFORMS = "iphoneos iphonesimulator";
				SUPPORTS_MACCATALYST = NO;
				SUPPORTS_MAC_DESIGNED_FOR_IPHONE_IPAD = NO;
				SUPPORTS_XR_DESIGNED_FOR_IPHONE_IPAD = NO;
				SWIFT_EMIT_LOC_STRINGS = YES;
				SWIFT_VERSION = 5.0;
				TARGETED_DEVICE_FAMILY = 1;
			};
			name = Debug;
		};
		7E1AD6D92C927F9F00BBB2D9 /* Release */ = {
			isa = XCBuildConfiguration;
			buildSettings = {
				ASSETCATALOG_COMPILER_APPICON_NAME = AppIcon;
				ASSETCATALOG_COMPILER_GLOBAL_ACCENT_COLOR_NAME = AccentColor;
				CODE_SIGN_STYLE = Automatic;
				CURRENT_PROJECT_VERSION = 1;
				DEVELOPMENT_TEAM = 6G36PN356L;
				GENERATE_INFOPLIST_FILE = YES;
				INFOPLIST_FILE = touchBear/Info.plist;
				INFOPLIST_KEY_UIApplicationSupportsIndirectInputEvents = YES;
				INFOPLIST_KEY_UILaunchStoryboardName = LaunchScreen;
				INFOPLIST_KEY_UISupportedInterfaceOrientations_iPad = "UIInterfaceOrientationPortrait UIInterfaceOrientationPortraitUpsideDown UIInterfaceOrientationLandscapeLeft UIInterfaceOrientationLandscapeRight";
				INFOPLIST_KEY_UISupportedInterfaceOrientations_iPhone = "UIInterfaceOrientationPortrait UIInterfaceOrientationLandscapeLeft UIInterfaceOrientationLandscapeRight";
				IPHONEOS_DEPLOYMENT_TARGET = 18.0;
				LD_RUNPATH_SEARCH_PATHS = (
					"$(inherited)",
					"@executable_path/Frameworks",
				);
				MARKETING_VERSION = 1.0;
				PRODUCT_BUNDLE_IDENTIFIER = ismaelRkz.touchBear;
				PRODUCT_NAME = "$(TARGET_NAME)";
				SUPPORTED_PLATFORMS = "iphoneos iphonesimulator";
				SUPPORTS_MACCATALYST = NO;
				SUPPORTS_MAC_DESIGNED_FOR_IPHONE_IPAD = NO;
				SUPPORTS_XR_DESIGNED_FOR_IPHONE_IPAD = NO;
				SWIFT_EMIT_LOC_STRINGS = YES;
				SWIFT_VERSION = 5.0;
				TARGETED_DEVICE_FAMILY = 1;
			};
			name = Release;
		};
/* End XCBuildConfiguration section */

/* Begin XCConfigurationList section */
		7E1AD6BE2C927F9C00BBB2D9 /* Build configuration list for PBXProject "touchBear" */ = {
			isa = XCConfigurationList;
			buildConfigurations = (
				7E1AD6D52C927F9F00BBB2D9 /* Debug */,
				7E1AD6D62C927F9F00BBB2D9 /* Release */,
			);
			defaultConfigurationIsVisible = 0;
			defaultConfigurationName = Release;
		};
		7E1AD6D72C927F9F00BBB2D9 /* Build configuration list for PBXNativeTarget "touchBear" */ = {
			isa = XCConfigurationList;
			buildConfigurations = (
				7E1AD6D82C927F9F00BBB2D9 /* Debug */,
				7E1AD6D92C927F9F00BBB2D9 /* Release */,
			);
			defaultConfigurationIsVisible = 0;
			defaultConfigurationName = Release;
		};
/* End XCConfigurationList section */
	};
	rootObject = 7E1AD6BB2C927F9C00BBB2D9 /* Project object */;
}
